
Microsoft Visual Studio Solution File, Format Version 12.00
# Visual Studio Version 16
VisualStudioVersion = 16.0.31112.23
MinimumVisualStudioVersion = 10.0.40219.1
Project("{FAE04EC0-301F-11D3-BF4B-00C04F79EFBC}") = "Primeiro App Mobile com Xamarin.Android", "Primeiro App Mobile com Xamarin.Android\Primeiro App Mobile com Xamarin.Android.csproj", "{AE69AAEC-77F2-47AA-AD3E-EE0D7C226304}"
EndProject
Project("{FAE04EC0-301F-11D3-BF4B-00C04F79EFBC}") = "Primeiro App Mobile com Xamarin.iOS", "Primeiro App Mobile com Xamarin.iOS\Primeiro App Mobile com Xamarin.iOS.csproj", "{3CB8D4EB-781A-47AA-829B-9721DC56C5C6}"
EndProject
Project("{FAE04EC0-301F-11D3-BF4B-00C04F79EFBC}") = "Primeiro App Mobile com Xamarin", "Primeiro App Mobile com Xamarin\Primeiro App Mobile com Xamarin.csproj", "{F0C4B356-D8B7-4847-A196-634931119413}"
EndProject
Global
	GlobalSection(SolutionConfigurationPlatforms) = preSolution
		Debug|Any CPU = Debug|Any CPU
		Debug|iPhone = Debug|iPhone
		Debug|iPhoneSimulator = Debug|iPhoneSimulator
		Release|Any CPU = Release|Any CPU
		Release|iPhone = Release|iPhone
		Release|iPhoneSimulator = Release|iPhoneSimulator
	EndGlobalSection
	GlobalSection(ProjectConfigurationPlatforms) = postSolution
		{AE69AAEC-77F2-47AA-AD3E-EE0D7C226304}.Debug|Any CPU.ActiveCfg = Debug|Any CPU
		{AE69AAEC-77F2-47AA-AD3E-EE0D7C226304}.Debug|Any CPU.Build.0 = Debug|Any CPU
		{AE69AAEC-77F2-47AA-AD3E-EE0D7C226304}.Debug|Any CPU.Deploy.0 = Debug|Any CPU
		{AE69AAEC-77F2-47AA-AD3E-EE0D7C226304}.Debug|iPhone.ActiveCfg = Debug|Any CPU
		{AE69AAEC-77F2-47AA-AD3E-EE0D7C226304}.Debug|iPhone.Build.0 = Debug|Any CPU
		{AE69AAEC-77F2-47AA-AD3E-EE0D7C226304}.Debug|iPhone.Deploy.0 = Debug|Any CPU
		{AE69AAEC-77F2-47AA-AD3E-EE0D7C226304}.Debug|iPhoneSimulator.ActiveCfg = Debug|Any CPU
		{AE69AAEC-77F2-47AA-AD3E-EE0D7C226304}.Debug|iPhoneSimulator.Build.0 = Debug|Any CPU
		{AE69AAEC-77F2-47AA-AD3E-EE0D7C226304}.Debug|iPhoneSimulator.Deploy.0 = Debug|Any CPU
		{AE69AAEC-77F2-47AA-AD3E-EE0D7C226304}.Release|Any CPU.ActiveCfg = Release|Any CPU
		{AE69AAEC-77F2-47AA-AD3E-EE0D7C226304}.Release|Any CPU.Build.0 = Release|Any CPU
		{AE69AAEC-77F2-47AA-AD3E-EE0D7C226304}.Release|Any CPU.Deploy.0 = Release|Any CPU
		{AE69AAEC-77F2-47AA-AD3E-EE0D7C226304}.Release|iPhone.ActiveCfg = Release|Any CPU
		{AE69AAEC-77F2-47AA-AD3E-EE0D7C226304}.Release|iPhone.Build.0 = Release|Any CPU
		{AE69AAEC-77F2-47AA-AD3E-EE0D7C226304}.Release|iPhone.Deploy.0 = Release|Any CPU
		{AE69AAEC-77F2-47AA-AD3E-EE0D7C226304}.Release|iPhoneSimulator.ActiveCfg = Release|Any CPU
		{AE69AAEC-77F2-47AA-AD3E-EE0D7C226304}.Release|iPhoneSimulator.Build.0 = Release|Any CPU
		{AE69AAEC-77F2-47AA-AD3E-EE0D7C226304}.Release|iPhoneSimulator.Deploy.0 = Release|Any CPU
		{3CB8D4EB-781A-47AA-829B-9721DC56C5C6}.Debug|Any CPU.ActiveCfg = Debug|iPhone
		{3CB8D4EB-781A-47AA-829B-9721DC56C5C6}.Debug|Any CPU.Build.0 = Debug|iPhone
		{3CB8D4EB-781A-47AA-829B-9721DC56C5C6}.Debug|Any CPU.Deploy.0 = Debug|iPhone
		{3CB8D4EB-781A-47AA-829B-9721DC56C5C6}.Debug|iPhone.ActiveCfg = Debug|iPhone
		{3CB8D4EB-781A-47AA-829B-9721DC56C5C6}.Debug|iPhone.Build.0 = Debug|iPhone
		{3CB8D4EB-781A-47AA-829B-9721DC56C5C6}.Debug|iPhone.Deploy.0 = Debug|iPhone
		{3CB8D4EB-781A-47AA-829B-9721DC56C5C6}.Debug|iPhoneSimulator.ActiveCfg = Debug|iPhoneSimulator
		{3CB8D4EB-781A-47AA-829B-9721DC56C5C6}.Debug|iPhoneSimulator.Build.0 = Debug|iPhoneSimulator
		{3CB8D4EB-781A-47AA-829B-9721DC56C5C6}.Debug|iPhoneSimulator.Deploy.0 = Debug|iPhoneSimulator
		{3CB8D4EB-781A-47AA-829B-9721DC56C5C6}.Release|Any CPU.ActiveCfg = Release|iPhoneSimulator
		{3CB8D4EB-781A-47AA-829B-9721DC56C5C6}.Release|Any CPU.Build.0 = Release|iPhoneSimulator
		{3CB8D4EB-781A-47AA-829B-9721DC56C5C6}.Release|Any CPU.Deploy.0 = Release|iPhoneSimulator
		{3CB8D4EB-781A-47AA-829B-9721DC56C5C6}.Release|iPhone.ActiveCfg = Release|iPhone
		{3CB8D4EB-781A-47AA-829B-9721DC56C5C6}.Release|iPhone.Build.0 = Release|iPhone
		{3CB8D4EB-781A-47AA-829B-9721DC56C5C6}.Release|iPhone.Deploy.0 = Release|iPhone
		{3CB8D4EB-781A-47AA-829B-9721DC56C5C6}.Release|iPhoneSimulator.ActiveCfg = Release|iPhoneSimulator
		{3CB8D4EB-781A-47AA-829B-9721DC56C5C6}.Release|iPhoneSimulator.Build.0 = Release|iPhoneSimulator
		{3CB8D4EB-781A-47AA-829B-9721DC56C5C6}.Release|iPhoneSimulator.Deploy.0 = Release|iPhoneSimulator
		{F0C4B356-D8B7-4847-A196-634931119413}.Debug|Any CPU.ActiveCfg = Debug|Any CPU
		{F0C4B356-D8B7-4847-A196-634931119413}.Debug|Any CPU.Build.0 = Debug|Any CPU
		{F0C4B356-D8B7-4847-A196-634931119413}.Debug|Any CPU.Deploy.0 = Debug|Any CPU
		{F0C4B356-D8B7-4847-A196-634931119413}.Debug|iPhone.ActiveCfg = Debug|Any CPU
		{F0C4B356-D8B7-4847-A196-634931119413}.Debug|iPhone.Build.0 = Debug|Any CPU
		{F0C4B356-D8B7-4847-A196-634931119413}.Debug|iPhone.Deploy.0 = Debug|Any CPU
		{F0C4B356-D8B7-4847-A196-634931119413}.Debug|iPhoneSimulator.ActiveCfg = Debug|Any CPU
		{F0C4B356-D8B7-4847-A196-634931119413}.Debug|iPhoneSimulator.Build.0 = Debug|Any CPU
		{F0C4B356-D8B7-4847-A196-634931119413}.Debug|iPhoneSimulator.Deploy.0 = Debug|Any CPU
		{F0C4B356-D8B7-4847-A196-634931119413}.Release|Any CPU.ActiveCfg = Release|Any CPU
		{F0C4B356-D8B7-4847-A196-634931119413}.Release|Any CPU.Build.0 = Release|Any CPU
		{F0C4B356-D8B7-4847-A196-634931119413}.Release|Any CPU.Deploy.0 = Release|Any CPU
		{F0C4B356-D8B7-4847-A196-634931119413}.Release|iPhone.ActiveCfg = Release|Any CPU
		{F0C4B356-D8B7-4847-A196-634931119413}.Release|iPhone.Build.0 = Release|Any CPU
		{F0C4B356-D8B7-4847-A196-634931119413}.Release|iPhone.Deploy.0 = Release|Any CPU
		{F0C4B356-D8B7-4847-A196-634931119413}.Release|iPhoneSimulator.ActiveCfg = Release|Any CPU
		{F0C4B356-D8B7-4847-A196-634931119413}.Release|iPhoneSimulator.Build.0 = Release|Any CPU
		{F0C4B356-D8B7-4847-A196-634931119413}.Release|iPhoneSimulator.Deploy.0 = Release|Any CPU
	EndGlobalSection
	GlobalSection(SolutionProperties) = preSolution
		HideSolutionNode = FALSE
	EndGlobalSection
	GlobalSection(ExtensibilityGlobals) = postSolution
		SolutionGuid = {A54833EB-74F3-4D49-AA48-91E444A83F2A}
	EndGlobalSection
EndGlobal
